
Microsoft Visual Studio Solution File, Format Version 12.00
# Visual Studio Version 16
VisualStudioVersion = 16.0.31702.278
MinimumVisualStudioVersion = 10.0.40219.1
Project("{9A19103F-16F7-4668-BE54-9A1E7A4F7556}") = "Gateway", "Gateway\Gateway.csproj", "{54624982-63EF-4442-B674-8C093DD10D77}"
EndProject
Global
	GlobalSection(SolutionConfigurationPlatforms) = preSolution
		Debug|Any CPU = Debug|Any CPU
		Release|Any CPU = Release|Any CPU
	EndGlobalSection
	GlobalSection(ProjectConfigurationPlatforms) = postSolution
		{54624982-63EF-4442-B674-8C093DD10D77}.Debug|Any CPU.ActiveCfg = Debug|Any CPU
		{54624982-63EF-4442-B674-8C093DD10D77}.Debug|Any CPU.Build.0 = Debug|Any CPU
		{54624982-63EF-4442-B674-8C093DD10D77}.Release|Any CPU.ActiveCfg = Release|Any CPU
		{54624982-63EF-4442-B674-8C093DD10D77}.Release|Any CPU.Build.0 = Release|Any CPU
	EndGlobalSection
	GlobalSection(SolutionProperties) = preSolution
		HideSolutionNode = FALSE
	EndGlobalSection
	GlobalSection(ExtensibilityGlobals) = postSolution
		SolutionGuid = {D6FDFAF8-D686-45ED-A6BA-5CF231334B31}
	EndGlobalSection
EndGlobal
